// !$*UTF8*$!
{
	archiveVersion = 1;
	classes = {
	};
	objectVersion = 48;
	objects = {

/* Begin PBXBuildFile section */
		0709D8DB1FD8DE3700899B72 /* bloop.mp3 in Resources */ = {isa = PBXBuildFile; fileRef = 0709D8D81FD8DE3700899B72 /* bloop.mp3 */; };
		0709D8DC1FD8DE3700899B72 /* yellow.mp3 in Resources */ = {isa = PBXBuildFile; fileRef = 0709D8D91FD8DE3700899B72 /* yellow.mp3 */; };
		0709D8DD1FD8DE3700899B72 /* start.mp3 in Resources */ = {isa = PBXBuildFile; fileRef = 0709D8DA1FD8DE3700899B72 /* start.mp3 */; };
		0761AF0D1FD4F44C00729E62 /* red.mp3 in Resources */ = {isa = PBXBuildFile; fileRef = 0761AF0C1FD4F44C00729E62 /* red.mp3 */; };
		0761AF111FD4F64600729E62 /* green.mp3 in Resources */ = {isa = PBXBuildFile; fileRef = 0761AF0F1FD4F64600729E62 /* green.mp3 */; };
		0761AF121FD4F64600729E62 /* blue.mp3 in Resources */ = {isa = PBXBuildFile; fileRef = 0761AF101FD4F64600729E62 /* blue.mp3 */; };
		077502171FDA1DE60027CE65 /* silence.mp3 in Resources */ = {isa = PBXBuildFile; fileRef = 077502161FDA1DE60027CE65 /* silence.mp3 */; };
		07B4FC3E1FD2811F000B7967 /* AppDelegate.swift in Sources */ = {isa = PBXBuildFile; fileRef = 07B4FC3D1FD2811F000B7967 /* AppDelegate.swift */; };
		07B4FC401FD2811F000B7967 /* ViewController.swift in Sources */ = {isa = PBXBuildFile; fileRef = 07B4FC3F1FD2811F000B7967 /* ViewController.swift */; };
		07B4FC431FD2811F000B7967 /* Main.storyboard in Resources */ = {isa = PBXBuildFile; fileRef = 07B4FC411FD2811F000B7967 /* Main.storyboard */; };
		07B4FC451FD2811F000B7967 /* Assets.xcassets in Resources */ = {isa = PBXBuildFile; fileRef = 07B4FC441FD2811F000B7967 /* Assets.xcassets */; };
		07B4FC481FD2811F000B7967 /* LaunchScreen.storyboard in Resources */ = {isa = PBXBuildFile; fileRef = 07B4FC461FD2811F000B7967 /* LaunchScreen.storyboard */; };
/* End PBXBuildFile section */

/* Begin PBXFileReference section */
		0709D8D81FD8DE3700899B72 /* bloop.mp3 */ = {isa = PBXFileReference; lastKnownFileType = audio.mp3; path = bloop.mp3; sourceTree = "<group>"; };
		0709D8D91FD8DE3700899B72 /* yellow.mp3 */ = {isa = PBXFileReference; lastKnownFileType = audio.mp3; path = yellow.mp3; sourceTree = "<group>"; };
		0709D8DA1FD8DE3700899B72 /* start.mp3 */ = {isa = PBXFileReference; lastKnownFileType = audio.mp3; path = start.mp3; sourceTree = "<group>"; };
		0761AF0C1FD4F44C00729E62 /* red.mp3 */ = {isa = PBXFileReference; lastKnownFileType = audio.mp3; path = red.mp3; sourceTree = "<group>"; };
		0761AF0F1FD4F64600729E62 /* green.mp3 */ = {isa = PBXFileReference; lastKnownFileType = audio.mp3; path = green.mp3; sourceTree = "<group>"; };
		0761AF101FD4F64600729E62 /* blue.mp3 */ = {isa = PBXFileReference; lastKnownFileType = audio.mp3; path = blue.mp3; sourceTree = "<group>"; };
		077502161FDA1DE60027CE65 /* silence.mp3 */ = {isa = PBXFileReference; lastKnownFileType = audio.mp3; path = silence.mp3; sourceTree = "<group>"; };
		07B4FC3A1FD2811E000B7967 /* LiaSays.app */ = {isa = PBXFileReference; explicitFileType = wrapper.application; includeInIndex = 0; path = LiaSays.app; sourceTree = BUILT_PRODUCTS_DIR; };
		07B4FC3D1FD2811F000B7967 /* AppDelegate.swift */ = {isa = PBXFileReference; lastKnownFileType = sourcecode.swift; path = AppDelegate.swift; sourceTree = "<group>"; };
		07B4FC3F1FD2811F000B7967 /* ViewController.swift */ = {isa = PBXFileReference; lastKnownFileType = sourcecode.swift; path = ViewController.swift; sourceTree = "<group>"; };
		07B4FC421FD2811F000B7967 /* Base */ = {isa = PBXFileReference; lastKnownFileType = file.storyboard; name = Base; path = Base.lproj/Main.storyboard; sourceTree = "<group>"; };
		07B4FC441FD2811F000B7967 /* Assets.xcassets */ = {isa = PBXFileReference; lastKnownFileType = folder.assetcatalog; path = Assets.xcassets; sourceTree = "<group>"; };
		07B4FC471FD2811F000B7967 /* Base */ = {isa = PBXFileReference; lastKnownFileType = file.storyboard; name = Base; path = Base.lproj/LaunchScreen.storyboard; sourceTree = "<group>"; };
		07B4FC491FD2811F000B7967 /* Info.plist */ = {isa = PBXFileReference; lastKnownFileType = text.plist.xml; path = Info.plist; sourceTree = "<group>"; };
/* End PBXFileReference section */

/* Begin PBXFrameworksBuildPhase section */
		07B4FC371FD2811E000B7967 /* Frameworks */ = {
			isa = PBXFrameworksBuildPhase;
			buildActionMask = 2147483647;
			files = (
			);
			runOnlyForDeploymentPostprocessing = 0;
		};
/* End PBXFrameworksBuildPhase section */

/* Begin PBXGroup section */
		0761AF0E1FD4F48A00729E62 /* Sounds */ = {
			isa = PBXGroup;
			children = (
				077502161FDA1DE60027CE65 /* silence.mp3 */,
				0709D8D81FD8DE3700899B72 /* bloop.mp3 */,
				0709D8DA1FD8DE3700899B72 /* start.mp3 */,
				0709D8D91FD8DE3700899B72 /* yellow.mp3 */,
				0761AF101FD4F64600729E62 /* blue.mp3 */,
				0761AF0F1FD4F64600729E62 /* green.mp3 */,
				0761AF0C1FD4F44C00729E62 /* red.mp3 */,
			);
			path = Sounds;
			sourceTree = "<group>";
		};
		07B4FC311FD2811E000B7967 = {
			isa = PBXGroup;
			children = (
				07B4FC3C1FD2811E000B7967 /* LiaSays */,
				07B4FC3B1FD2811E000B7967 /* Products */,
			);
			sourceTree = "<group>";
		};
		07B4FC3B1FD2811E000B7967 /* Products */ = {
			isa = PBXGroup;
			children = (
				07B4FC3A1FD2811E000B7967 /* LiaSays.app */,
			);
			name = Products;
			sourceTree = "<group>";
		};
		07B4FC3C1FD2811E000B7967 /* LiaSays */ = {
			isa = PBXGroup;
			children = (
				07B4FC3D1FD2811F000B7967 /* AppDelegate.swift */,
				07B4FC3F1FD2811F000B7967 /* ViewController.swift */,
				07B4FC411FD2811F000B7967 /* Main.storyboard */,
				07B4FC441FD2811F000B7967 /* Assets.xcassets */,
				0761AF0E1FD4F48A00729E62 /* Sounds */,
				07B4FC461FD2811F000B7967 /* LaunchScreen.storyboard */,
				07B4FC491FD2811F000B7967 /* Info.plist */,
			);
			path = LiaSays;
			sourceTree = "<group>";
		};
/* End PBXGroup section */

/* Begin PBXNativeTarget section */
		07B4FC391FD2811E000B7967 /* LiaSays */ = {
			isa = PBXNativeTarget;
			buildConfigurationList = 07B4FC4C1FD2811F000B7967 /* Build configuration list for PBXNativeTarget "LiaSays" */;
			buildPhases = (
				07B4FC361FD2811E000B7967 /* Sources */,
				07B4FC371FD2811E000B7967 /* Frameworks */,
				07B4FC381FD2811E000B7967 /* Resources */,
			);
			buildRules = (
			);
			dependencies = (
			);
			name = LiaSays;
			productName = LiaSays;
			productReference = 07B4FC3A1FD2811E000B7967 /* LiaSays.app */;
			productType = "com.apple.product-type.application";
		};
/* End PBXNativeTarget section */

/* Begin PBXProject section */
		07B4FC321FD2811E000B7967 /* Project object */ = {
			isa = PBXProject;
			attributes = {
				LastSwiftUpdateCheck = 0910;
				LastUpgradeCheck = 0910;
				ORGANIZATIONNAME = Carlos;
				TargetAttributes = {
					07B4FC391FD2811E000B7967 = {
						CreatedOnToolsVersion = 9.1;
						ProvisioningStyle = Automatic;
					};
				};
			};
			buildConfigurationList = 07B4FC351FD2811E000B7967 /* Build configuration list for PBXProject "LiaSays" */;
			compatibilityVersion = "Xcode 8.0";
			developmentRegion = en;
			hasScannedForEncodings = 0;
			knownRegions = (
				en,
				Base,
			);
			mainGroup = 07B4FC311FD2811E000B7967;
			productRefGroup = 07B4FC3B1FD2811E000B7967 /* Products */;
			projectDirPath = "";
			projectRoot = "";
			targets = (
				07B4FC391FD2811E000B7967 /* LiaSays */,
			);
		};
/* End PBXProject section */

/* Begin PBXResourcesBuildPhase section */
		07B4FC381FD2811E000B7967 /* Resources */ = {
			isa = PBXResourcesBuildPhase;
			buildActionMask = 2147483647;
			files = (
				077502171FDA1DE60027CE65 /* silence.mp3 in Resources */,
				0761AF0D1FD4F44C00729E62 /* red.mp3 in Resources */,
				0709D8DD1FD8DE3700899B72 /* start.mp3 in Resources */,
				07B4FC481FD2811F000B7967 /* LaunchScreen.storyboard in Resources */,
				0709D8DB1FD8DE3700899B72 /* bloop.mp3 in Resources */,
				0761AF121FD4F64600729E62 /* blue.mp3 in Resources */,
				0709D8DC1FD8DE3700899B72 /* yellow.mp3 in Resources */,
				0761AF111FD4F64600729E62 /* green.mp3 in Resources */,
				07B4FC451FD2811F000B7967 /* Assets.xcassets in Resources */,
				07B4FC431FD2811F000B7967 /* Main.storyboard in Resources */,
			);
			runOnlyForDeploymentPostprocessing = 0;
		};
/* End PBXResourcesBuildPhase section */

/* Begin PBXSourcesBuildPhase section */
		07B4FC361FD2811E000B7967 /* Sources */ = {
			isa = PBXSourcesBuildPhase;
			buildActionMask = 2147483647;
			files = (
				07B4FC401FD2811F000B7967 /* ViewController.swift in Sources */,
				07B4FC3E1FD2811F000B7967 /* AppDelegate.swift in Sources */,
			);
			runOnlyForDeploymentPostprocessing = 0;
		};
/* End PBXSourcesBuildPhase section */

/* Begin PBXVariantGroup section */
		07B4FC411FD2811F000B7967 /* Main.storyboard */ = {
			isa = PBXVariantGroup;
			children = (
				07B4FC421FD2811F000B7967 /* Base */,
			);
			name = Main.storyboard;
			sourceTree = "<group>";
		};
		07B4FC461FD2811F000B7967 /* LaunchScreen.storyboard */ = {
			isa = PBXVariantGroup;
			children = (
				07B4FC471FD2811F000B7967 /* Base */,
			);
			name = LaunchScreen.storyboard;
			sourceTree = "<group>";
		};
/* End PBXVariantGroup section */

/* Begin XCBuildConfiguration section */
		07B4FC4A1FD2811F000B7967 /* Debug */ = {
			isa = XCBuildConfiguration;
			buildSettings = {
				ALWAYS_SEARCH_USER_PATHS = NO;
				CLANG_ANALYZER_NONNULL = YES;
				CLANG_ANALYZER_NUMBER_OBJECT_CONVERSION = YES_AGGRESSIVE;
				CLANG_CXX_LANGUAGE_STANDARD = "gnu++14";
				CLANG_CXX_LIBRARY = "libc++";
				CLANG_ENABLE_MODULES = YES;
				CLANG_ENABLE_OBJC_ARC = YES;
				CLANG_WARN_BLOCK_CAPTURE_AUTORELEASING = YES;
				CLANG_WARN_BOOL_CONVERSION = YES;
				CLANG_WARN_COMMA = YES;
				CLANG_WARN_CONSTANT_CONVERSION = YES;
				CLANG_WARN_DIRECT_OBJC_ISA_USAGE = YES_ERROR;
				CLANG_WARN_DOCUMENTATION_COMMENTS = YES;
				CLANG_WARN_EMPTY_BODY = YES;
				CLANG_WARN_ENUM_CONVERSION = YES;
				CLANG_WARN_INFINITE_RECURSION = YES;
				CLANG_WARN_INT_CONVERSION = YES;
				CLANG_WARN_NON_LITERAL_NULL_CONVERSION = YES;
				CLANG_WARN_OBJC_LITERAL_CONVERSION = YES;
				CLANG_WARN_OBJC_ROOT_CLASS = YES_ERROR;
				CLANG_WARN_RANGE_LOOP_ANALYSIS = YES;
				CLANG_WARN_STRICT_PROTOTYPES = YES;
				CLANG_WARN_SUSPICIOUS_MOVE = YES;
				CLANG_WARN_UNGUARDED_AVAILABILITY = YES_AGGRESSIVE;
				CLANG_WARN_UNREACHABLE_CODE = YES;
				CLANG_WARN__DUPLICATE_METHOD_MATCH = YES;
				CODE_SIGN_IDENTITY = "iPhone Developer";
				COPY_PHASE_STRIP = NO;
				DEBUG_INFORMATION_FORMAT = dwarf;
				ENABLE_STRICT_OBJC_MSGSEND = YES;
				ENABLE_TESTABILITY = YES;
				GCC_C_LANGUAGE_STANDARD = gnu11;
				GCC_DYNAMIC_NO_PIC = NO;
				GCC_NO_COMMON_BLOCKS = YES;
				GCC_OPTIMIZATION_LEVEL = 0;
				GCC_PREPROCESSOR_DEFINITIONS = (
					"DEBUG=1",
					"$(inherited)",
				);
				GCC_WARN_64_TO_32_BIT_CONVERSION = YES;
				GCC_WARN_ABOUT_RETURN_TYPE = YES_ERROR;
				GCC_WARN_UNDECLARED_SELECTOR = YES;
				GCC_WARN_UNINITIALIZED_AUTOS = YES_AGGRESSIVE;
				GCC_WARN_UNUSED_FUNCTION = YES;
				GCC_WARN_UNUSED_VARIABLE = YES;
				IPHONEOS_DEPLOYMENT_TARGET = 11.1;
				MTL_ENABLE_DEBUG_INFO = YES;
				ONLY_ACTIVE_ARCH = YES;
				SDKROOT = iphoneos;
				SWIFT_ACTIVE_COMPILATION_CONDITIONS = DEBUG;
				SWIFT_OPTIMIZATION_LEVEL = "-Onone";
			};
			name = Debug;
		};
		07B4FC4B1FD2811F000B7967 /* Release */ = {
			isa = XCBuildConfiguration;
			buildSettings = {
				ALWAYS_SEARCH_USER_PATHS = NO;
				CLANG_ANALYZER_NONNULL = YES;
				CLANG_ANALYZER_NUMBER_OBJECT_CONVERSION = YES_AGGRESSIVE;
				CLANG_CXX_LANGUAGE_STANDARD = "gnu++14";
				CLANG_CXX_LIBRARY = "libc++";
				CLANG_ENABLE_MODULES = YES;
				CLANG_ENABLE_OBJC_ARC = YES;
				CLANG_WARN_BLOCK_CAPTURE_AUTORELEASING = YES;
				CLANG_WARN_BOOL_CONVERSION = YES;
				CLANG_WARN_COMMA = YES;
				CLANG_WARN_CONSTANT_CONVERSION = YES;
				CLANG_WARN_DIRECT_OBJC_ISA_USAGE = YES_ERROR;
				CLANG_WARN_DOCUMENTATION_COMMENTS = YES;
				CLANG_WARN_EMPTY_BODY = YES;
				CLANG_WARN_ENUM_CONVERSION = YES;
				CLANG_WARN_INFINITE_RECURSION = YES;
				CLANG_WARN_INT_CONVERSION = YES;
				CLANG_WARN_NON_LITERAL_NULL_CONVERSION = YES;
				CLANG_WARN_OBJC_LITERAL_CONVERSION = YES;
				CLANG_WARN_OBJC_ROOT_CLASS = YES_ERROR;
				CLANG_WARN_RANGE_LOOP_ANALYSIS = YES;
				CLANG_WARN_STRICT_PROTOTYPES = YES;
				CLANG_WARN_SUSPICIOUS_MOVE = YES;
				CLANG_WARN_UNGUARDED_AVAILABILITY = YES_AGGRESSIVE;
				CLANG_WARN_UNREACHABLE_CODE = YES;
				CLANG_WARN__DUPLICATE_METHOD_MATCH = YES;
				CODE_SIGN_IDENTITY = "iPhone Developer";
				COPY_PHASE_STRIP = NO;
				DEBUG_INFORMATION_FORMAT = "dwarf-with-dsym";
				ENABLE_NS_ASSERTIONS = NO;
				ENABLE_STRICT_OBJC_MSGSEND = YES;
				GCC_C_LANGUAGE_STANDARD = gnu11;
				GCC_NO_COMMON_BLOCKS = YES;
				GCC_WARN_64_TO_32_BIT_CONVERSION = YES;
				GCC_WARN_ABOUT_RETURN_TYPE = YES_ERROR;
				GCC_WARN_UNDECLARED_SELECTOR = YES;
				GCC_WARN_UNINITIALIZED_AUTOS = YES_AGGRESSIVE;
				GCC_WARN_UNUSED_FUNCTION = YES;
				GCC_WARN_UNUSED_VARIABLE = YES;
				IPHONEOS_DEPLOYMENT_TARGET = 11.1;
				MTL_ENABLE_DEBUG_INFO = NO;
				SDKROOT = iphoneos;
				SWIFT_OPTIMIZATION_LEVEL = "-Owholemodule";
				VALIDATE_PRODUCT = YES;
			};
			name = Release;
		};
		07B4FC4D1FD2811F000B7967 /* Debug */ = {
			isa = XCBuildConfiguration;
			buildSettings = {
				ASSETCATALOG_COMPILER_APPICON_NAME = AppIcon;
				CODE_SIGN_STYLE = Automatic;
				DEVELOPMENT_TEAM = 7E5397F394;
				INFOPLIST_FILE = LiaSays/Info.plist;
				LD_RUNPATH_SEARCH_PATHS = "$(inherited) @executable_path/Frameworks";
				PRODUCT_BUNDLE_IDENTIFIER = ca.costa.LiaSays;
				PRODUCT_NAME = "$(TARGET_NAME)";
				SWIFT_VERSION = 4.0;
				TARGETED_DEVICE_FAMILY = "1,2";
			};
			name = Debug;
		};
		07B4FC4E1FD2811F000B7967 /* Release */ = {
			isa = XCBuildConfiguration;
			buildSettings = {
				ASSETCATALOG_COMPILER_APPICON_NAME = AppIcon;
				CODE_SIGN_STYLE = Automatic;
				DEVELOPMENT_TEAM = 7E5397F394;
				INFOPLIST_FILE = LiaSays/Info.plist;
				LD_RUNPATH_SEARCH_PATHS = "$(inherited) @executable_path/Frameworks";
				PRODUCT_BUNDLE_IDENTIFIER = ca.costa.LiaSays;
				PRODUCT_NAME = "$(TARGET_NAME)";
				SWIFT_VERSION = 4.0;
				TARGETED_DEVICE_FAMILY = "1,2";
			};
			name = Release;
		};
/* End XCBuildConfiguration section */

/* Begin XCConfigurationList section */
		07B4FC351FD2811E000B7967 /* Build configuration list for PBXProject "LiaSays" */ = {
			isa = XCConfigurationList;
			buildConfigurations = (
				07B4FC4A1FD2811F000B7967 /* Debug */,
				07B4FC4B1FD2811F000B7967 /* Release */,
			);
			defaultConfigurationIsVisible = 0;
			defaultConfigurationName = Release;
		};
		07B4FC4C1FD2811F000B7967 /* Build configuration list for PBXNativeTarget "LiaSays" */ = {
			isa = XCConfigurationList;
			buildConfigurations = (
				07B4FC4D1FD2811F000B7967 /* Debug */,
				07B4FC4E1FD2811F000B7967 /* Release */,
			);
			defaultConfigurationIsVisible = 0;
			defaultConfigurationName = Release;
		};
/* End XCConfigurationList section */
	};
	rootObject = 07B4FC321FD2811E000B7967 /* Project object */;
}
